
Microsoft Visual Studio Solution File, Format Version 10.00
# Visual Studio 2008
Project("{8BC9CEB8-8B4A-11D0-8D11-00A0C91BC942}") = "Project Euler Support Library", "Project Euler Support Library\Project Euler Support Library.vcproj", "{86AA8E4A-66D0-4743-81C6-0E885EE174FD}"
EndProject
Global
	GlobalSection(SolutionConfigurationPlatforms) = preSolution
		Debug|Win32 = Debug|Win32
		Release|Win32 = Release|Win32
	EndGlobalSection
	GlobalSection(ProjectConfigurationPlatforms) = postSolution
		{86AA8E4A-66D0-4743-81C6-0E885EE174FD}.Debug|Win32.ActiveCfg = Debug|Win32
		{86AA8E4A-66D0-4743-81C6-0E885EE174FD}.Debug|Win32.Build.0 = Debug|Win32
		{86AA8E4A-66D0-4743-81C6-0E885EE174FD}.Release|Win32.ActiveCfg = Release|Win32
		{86AA8E4A-66D0-4743-81C6-0E885EE174FD}.Release|Win32.Build.0 = Release|Win32
	EndGlobalSection
	GlobalSection(SolutionProperties) = preSolution
		HideSolutionNode = FALSE
	EndGlobalSection
EndGlobal
