
Microsoft Visual Studio Solution File, Format Version 12.00
# Visual Studio 2013
VisualStudioVersion = 12.0.21005.1
MinimumVisualStudioVersion = 10.0.40219.1
Project("{8BC9CEB8-8B4A-11D0-8D11-00A0C91BC942}") = "Project Euler Support Library", "Project Euler Support Library\Project Euler Support Library.vcxproj", "{86AA8E4A-66D0-4743-81C6-0E885EE174FD}"
EndProject
Project("{8BC9CEB8-8B4A-11D0-8D11-00A0C91BC942}") = "10", "10\10.vcxproj", "{DF8E6E48-D703-4E4E-8347-E75EF69B2EDC}"
	ProjectSection(ProjectDependencies) = postProject
		{86AA8E4A-66D0-4743-81C6-0E885EE174FD} = {86AA8E4A-66D0-4743-81C6-0E885EE174FD}
	EndProjectSection
EndProject
Global
	GlobalSection(SolutionConfigurationPlatforms) = preSolution
		Debug|Mixed Platforms = Debug|Mixed Platforms
		Debug|Win32 = Debug|Win32
		Debug|x64 = Debug|x64
		Release|Mixed Platforms = Release|Mixed Platforms
		Release|Win32 = Release|Win32
		Release|x64 = Release|x64
	EndGlobalSection
	GlobalSection(ProjectConfigurationPlatforms) = postSolution
		{86AA8E4A-66D0-4743-81C6-0E885EE174FD}.Debug|Mixed Platforms.ActiveCfg = Debug|Win32
		{86AA8E4A-66D0-4743-81C6-0E885EE174FD}.Debug|Mixed Platforms.Build.0 = Debug|Win32
		{86AA8E4A-66D0-4743-81C6-0E885EE174FD}.Debug|Win32.ActiveCfg = Debug|Win32
		{86AA8E4A-66D0-4743-81C6-0E885EE174FD}.Debug|Win32.Build.0 = Debug|Win32
		{86AA8E4A-66D0-4743-81C6-0E885EE174FD}.Debug|x64.ActiveCfg = Debug|x64
		{86AA8E4A-66D0-4743-81C6-0E885EE174FD}.Debug|x64.Build.0 = Debug|x64
		{86AA8E4A-66D0-4743-81C6-0E885EE174FD}.Release|Mixed Platforms.ActiveCfg = Release|Win32
		{86AA8E4A-66D0-4743-81C6-0E885EE174FD}.Release|Mixed Platforms.Build.0 = Release|Win32
		{86AA8E4A-66D0-4743-81C6-0E885EE174FD}.Release|Win32.ActiveCfg = Release|Win32
		{86AA8E4A-66D0-4743-81C6-0E885EE174FD}.Release|Win32.Build.0 = Release|Win32
		{86AA8E4A-66D0-4743-81C6-0E885EE174FD}.Release|x64.ActiveCfg = Release|x64
		{86AA8E4A-66D0-4743-81C6-0E885EE174FD}.Release|x64.Build.0 = Release|x64
		{DF8E6E48-D703-4E4E-8347-E75EF69B2EDC}.Debug|Mixed Platforms.ActiveCfg = Debug|Win32
		{DF8E6E48-D703-4E4E-8347-E75EF69B2EDC}.Debug|Mixed Platforms.Build.0 = Debug|Win32
		{DF8E6E48-D703-4E4E-8347-E75EF69B2EDC}.Debug|Win32.ActiveCfg = Debug|Win32
		{DF8E6E48-D703-4E4E-8347-E75EF69B2EDC}.Debug|Win32.Build.0 = Debug|Win32
		{DF8E6E48-D703-4E4E-8347-E75EF69B2EDC}.Debug|x64.ActiveCfg = Debug|Win32
		{DF8E6E48-D703-4E4E-8347-E75EF69B2EDC}.Release|Mixed Platforms.ActiveCfg = Release|Win32
		{DF8E6E48-D703-4E4E-8347-E75EF69B2EDC}.Release|Mixed Platforms.Build.0 = Release|Win32
		{DF8E6E48-D703-4E4E-8347-E75EF69B2EDC}.Release|Win32.ActiveCfg = Release|Win32
		{DF8E6E48-D703-4E4E-8347-E75EF69B2EDC}.Release|Win32.Build.0 = Release|Win32
		{DF8E6E48-D703-4E4E-8347-E75EF69B2EDC}.Release|x64.ActiveCfg = Release|Win32
	EndGlobalSection
	GlobalSection(SolutionProperties) = preSolution
		HideSolutionNode = FALSE
	EndGlobalSection
EndGlobal
